{
  "name": "phpbreakdown",
  "version": "1.0.0",
  "lockfileVersion": 2,
  "requires": true,
  "packages": {
    "": {
      "name": "phpbreakdown",
      "version": "1.0.0",
      "license": "ISC",
      "dependencies": {
        "keycloak-js": "^18.0.0",
        "single-spa": "^5.9.3"
      },
      "devDependencies": {
        "composer": "^4.1.0"
      }
    },
    "node_modules/base64-js": {
      "version": "1.5.1",
      "resolved": "https://registry.npmjs.org/base64-js/-/base64-js-1.5.1.tgz",
      "integrity": "sha512-AKpaYlHn8t4SVbOHCy+b5+KKgvR4vrsD8vbvrbiQJps7fKDTkjkDry6ji0rUJjC0kzbNePLwzxq8iypo41qeWA==",
      "funding": [
        {
          "type": "github",
          "url": "https://github.com/sponsors/feross"
        },
        {
          "type": "patreon",
          "url": "https://www.patreon.com/feross"
        },
        {
          "type": "consulting",
          "url": "https://feross.org/support"
        }
      ]
    },
    "node_modules/composer": {
      "version": "4.1.0",
      "resolved": "https://registry.npmjs.org/composer/-/composer-4.1.0.tgz",
      "integrity": "sha512-qIIoNYjwFHrQFUdB8kD3pZs30+JeYK9149EpOYr/NVrii00KMO31IonzZMeRSU4qazyWZpEgVzkBmQ6VFWxedA==",
      "dev": true,
      "dependencies": {
        "pretty-time": "^1.1.0",
        "use": "^3.1.1"
      },
      "engines": {
        "node": ">=8"
      }
    },
    "node_modules/js-sha256": {
      "version": "0.9.0",
      "resolved": "https://registry.npmjs.org/js-sha256/-/js-sha256-0.9.0.tgz",
      "integrity": "sha512-sga3MHh9sgQN2+pJ9VYZ+1LPwXOxuBJBA5nrR5/ofPfuiJBE2hnjsaN8se8JznOmGLN2p49Pe5U/ttafcs/apA=="
    },
    "node_modules/keycloak-js": {
      "version": "18.0.0",
      "resolved": "https://registry.npmjs.org/keycloak-js/-/keycloak-js-18.0.0.tgz",
      "integrity": "sha512-kaD6nrzgYX3NhgwQfVEZiAzaZXua3PSBIBWGWf8fgqPgUdiO8uvYaKV1Ebf43IAB5M8kvubW+2J+eBS+UnWsuw==",
      "dependencies": {
        "base64-js": "^1.5.1",
        "js-sha256": "^0.9.0"
      }
    },
    "node_modules/pretty-time": {
      "version": "1.1.0",
      "resolved": "https://registry.npmjs.org/pretty-time/-/pretty-time-1.1.0.tgz",
      "integrity": "sha512-28iF6xPQrP8Oa6uxE6a1biz+lWeTOAPKggvjB8HAs6nVMKZwf5bG++632Dx614hIWgUPkgivRfG+a8uAXGTIbA==",
      "dev": true,
      "engines": {
        "node": ">=4"
      }
    },
    "node_modules/single-spa": {
      "version": "5.9.3",
      "resolved": "https://registry.npmjs.org/single-spa/-/single-spa-5.9.3.tgz",
      "integrity": "sha512-qMGraRzIBsodV6569Fob4cQ4/yQNrcZ5Achh3SAQDljmqUtjAZ7BAA7GAyO/l5eizb7GtTmVq9Di7ORyKw82CQ=="
    },
    "node_modules/use": {
      "version": "3.1.1",
      "resolved": "https://registry.npmjs.org/use/-/use-3.1.1.tgz",
      "integrity": "sha512-cwESVXlO3url9YWlFW/TA9cshCEhtu7IKJ/p5soJ/gGpj7vbvFrAY/eIioQ6Dw23KjZhYgiIo8HOs1nQ2vr/oQ==",
      "dev": true,
      "engines": {
        "node": ">=0.10.0"
      }
    }
  },
  "dependencies": {
    "base64-js": {
      "version": "1.5.1",
      "resolved": "https://registry.npmjs.org/base64-js/-/base64-js-1.5.1.tgz",
      "integrity": "sha512-AKpaYlHn8t4SVbOHCy+b5+KKgvR4vrsD8vbvrbiQJps7fKDTkjkDry6ji0rUJjC0kzbNePLwzxq8iypo41qeWA=="
    },
    "composer": {
      "version": "4.1.0",
      "resolved": "https://registry.npmjs.org/composer/-/composer-4.1.0.tgz",
      "integrity": "sha512-qIIoNYjwFHrQFUdB8kD3pZs30+JeYK9149EpOYr/NVrii00KMO31IonzZMeRSU4qazyWZpEgVzkBmQ6VFWxedA==",
      "dev": true,
      "requires": {
        "pretty-time": "^1.1.0",
        "use": "^3.1.1"
      }
    },
    "js-sha256": {
      "version": "0.9.0",
      "resolved": "https://registry.npmjs.org/js-sha256/-/js-sha256-0.9.0.tgz",
      "integrity": "sha512-sga3MHh9sgQN2+pJ9VYZ+1LPwXOxuBJBA5nrR5/ofPfuiJBE2hnjsaN8se8JznOmGLN2p49Pe5U/ttafcs/apA=="
    },
    "keycloak-js": {
      "version": "18.0.0",
      "resolved": "https://registry.npmjs.org/keycloak-js/-/keycloak-js-18.0.0.tgz",
      "integrity": "sha512-kaD6nrzgYX3NhgwQfVEZiAzaZXua3PSBIBWGWf8fgqPgUdiO8uvYaKV1Ebf43IAB5M8kvubW+2J+eBS+UnWsuw==",
      "requires": {
        "base64-js": "^1.5.1",
        "js-sha256": "^0.9.0"
      }
    },
    "pretty-time": {
      "version": "1.1.0",
      "resolved": "https://registry.npmjs.org/pretty-time/-/pretty-time-1.1.0.tgz",
      "integrity": "sha512-28iF6xPQrP8Oa6uxE6a1biz+lWeTOAPKggvjB8HAs6nVMKZwf5bG++632Dx614hIWgUPkgivRfG+a8uAXGTIbA==",
      "dev": true
    },
    "single-spa": {
      "version": "5.9.3",
      "resolved": "https://registry.npmjs.org/single-spa/-/single-spa-5.9.3.tgz",
      "integrity": "sha512-qMGraRzIBsodV6569Fob4cQ4/yQNrcZ5Achh3SAQDljmqUtjAZ7BAA7GAyO/l5eizb7GtTmVq9Di7ORyKw82CQ=="
    },
    "use": {
      "version": "3.1.1",
      "resolved": "https://registry.npmjs.org/use/-/use-3.1.1.tgz",
      "integrity": "sha512-cwESVXlO3url9YWlFW/TA9cshCEhtu7IKJ/p5soJ/gGpj7vbvFrAY/eIioQ6Dw23KjZhYgiIo8HOs1nQ2vr/oQ==",
      "dev": true
    }
  }
}
